
Microsoft Visual Studio Solution File, Format Version 12.00
# Visual Studio 15
VisualStudioVersion = 15.0.26730.10
MinimumVisualStudioVersion = 10.0.40219.1
Project("{FAE04EC0-301F-11D3-BF4B-00C04F79EFBC}") = "WHConsult.Utils", "WHConsult.Utils\WHConsult.Utils.csproj", "{3AB98743-932C-4FAE-A2D7-CDD5FE918306}"
EndProject
Project("{FAE04EC0-301F-11D3-BF4B-00C04F79EFBC}") = "FRA_IMP", "FRA_IMP\FRA_IMP.csproj", "{CD0BDD22-AE07-4C1F-9DDB-21B78D93E986}"
EndProject
Global
	GlobalSection(SolutionConfigurationPlatforms) = preSolution
		Debug|Any CPU = Debug|Any CPU
		Debug|x64 = Debug|x64
		Debug|x86 = Debug|x86
		Release|Any CPU = Release|Any CPU
		Release|x64 = Release|x64
		Release|x86 = Release|x86
	EndGlobalSection
	GlobalSection(ProjectConfigurationPlatforms) = postSolution
		{3AB98743-932C-4FAE-A2D7-CDD5FE918306}.Debug|Any CPU.ActiveCfg = Debug|Any CPU
		{3AB98743-932C-4FAE-A2D7-CDD5FE918306}.Debug|Any CPU.Build.0 = Debug|Any CPU
		{3AB98743-932C-4FAE-A2D7-CDD5FE918306}.Debug|x64.ActiveCfg = Debug|x64
		{3AB98743-932C-4FAE-A2D7-CDD5FE918306}.Debug|x64.Build.0 = Debug|x64
		{3AB98743-932C-4FAE-A2D7-CDD5FE918306}.Debug|x86.ActiveCfg = Debug|Any CPU
		{3AB98743-932C-4FAE-A2D7-CDD5FE918306}.Debug|x86.Build.0 = Debug|Any CPU
		{3AB98743-932C-4FAE-A2D7-CDD5FE918306}.Release|Any CPU.ActiveCfg = Release|Any CPU
		{3AB98743-932C-4FAE-A2D7-CDD5FE918306}.Release|Any CPU.Build.0 = Release|Any CPU
		{3AB98743-932C-4FAE-A2D7-CDD5FE918306}.Release|x64.ActiveCfg = Release|x64
		{3AB98743-932C-4FAE-A2D7-CDD5FE918306}.Release|x64.Build.0 = Release|x64
		{3AB98743-932C-4FAE-A2D7-CDD5FE918306}.Release|x86.ActiveCfg = Release|Any CPU
		{3AB98743-932C-4FAE-A2D7-CDD5FE918306}.Release|x86.Build.0 = Release|Any CPU
		{CD0BDD22-AE07-4C1F-9DDB-21B78D93E986}.Debug|Any CPU.ActiveCfg = Debug|Any CPU
		{CD0BDD22-AE07-4C1F-9DDB-21B78D93E986}.Debug|Any CPU.Build.0 = Debug|Any CPU
		{CD0BDD22-AE07-4C1F-9DDB-21B78D93E986}.Debug|x64.ActiveCfg = Debug|x64
		{CD0BDD22-AE07-4C1F-9DDB-21B78D93E986}.Debug|x64.Build.0 = Debug|x64
		{CD0BDD22-AE07-4C1F-9DDB-21B78D93E986}.Debug|x86.ActiveCfg = Debug|x86
		{CD0BDD22-AE07-4C1F-9DDB-21B78D93E986}.Debug|x86.Build.0 = Debug|x86
		{CD0BDD22-AE07-4C1F-9DDB-21B78D93E986}.Release|Any CPU.ActiveCfg = Release|Any CPU
		{CD0BDD22-AE07-4C1F-9DDB-21B78D93E986}.Release|Any CPU.Build.0 = Release|Any CPU
		{CD0BDD22-AE07-4C1F-9DDB-21B78D93E986}.Release|x64.ActiveCfg = Release|x64
		{CD0BDD22-AE07-4C1F-9DDB-21B78D93E986}.Release|x64.Build.0 = Release|x64
		{CD0BDD22-AE07-4C1F-9DDB-21B78D93E986}.Release|x86.ActiveCfg = Release|x86
		{CD0BDD22-AE07-4C1F-9DDB-21B78D93E986}.Release|x86.Build.0 = Release|x86
	EndGlobalSection
	GlobalSection(SolutionProperties) = preSolution
		HideSolutionNode = FALSE
	EndGlobalSection
	GlobalSection(ExtensibilityGlobals) = postSolution
		SolutionGuid = {E6BA42BA-43A5-49A6-9A22-439CE8BEF9F3}
	EndGlobalSection
EndGlobal
